
Microsoft Visual Studio Solution File, Format Version 12.00
# Visual Studio Version 17
VisualStudioVersion = 17.10.35004.147
MinimumVisualStudioVersion = 10.0.40219.1
Project("{FAE04EC0-301F-11D3-BF4B-00C04F79EFBC}") = "AlitaPracticeFramework", "AlitaPracticeFramework\AlitaPracticeFramework.csproj", "{8F964E01-5F7D-4A14-9B93-1F0ECFAFCACE}"
EndProject
Project("{FAE04EC0-301F-11D3-BF4B-00C04F79EFBC}") = "PageObjects", "PageObjects\PageObjects.csproj", "{DB2EE288-2927-4A63-BAE1-462F8EAD2B22}"
EndProject
Project("{FAE04EC0-301F-11D3-BF4B-00C04F79EFBC}") = "Utilities", "Utilities\Utilities.csproj", "{3D236DBA-0FFE-47BE-AAF0-1E60F52BD46D}"
EndProject
Global
	GlobalSection(SolutionConfigurationPlatforms) = preSolution
		Debug|Any CPU = Debug|Any CPU
		Release|Any CPU = Release|Any CPU
	EndGlobalSection
	GlobalSection(ProjectConfigurationPlatforms) = postSolution
		{8F964E01-5F7D-4A14-9B93-1F0ECFAFCACE}.Debug|Any CPU.ActiveCfg = Debug|Any CPU
		{8F964E01-5F7D-4A14-9B93-1F0ECFAFCACE}.Debug|Any CPU.Build.0 = Debug|Any CPU
		{8F964E01-5F7D-4A14-9B93-1F0ECFAFCACE}.Release|Any CPU.ActiveCfg = Release|Any CPU
		{8F964E01-5F7D-4A14-9B93-1F0ECFAFCACE}.Release|Any CPU.Build.0 = Release|Any CPU
		{DB2EE288-2927-4A63-BAE1-462F8EAD2B22}.Debug|Any CPU.ActiveCfg = Debug|Any CPU
		{DB2EE288-2927-4A63-BAE1-462F8EAD2B22}.Debug|Any CPU.Build.0 = Debug|Any CPU
		{DB2EE288-2927-4A63-BAE1-462F8EAD2B22}.Release|Any CPU.ActiveCfg = Release|Any CPU
		{DB2EE288-2927-4A63-BAE1-462F8EAD2B22}.Release|Any CPU.Build.0 = Release|Any CPU
		{3D236DBA-0FFE-47BE-AAF0-1E60F52BD46D}.Debug|Any CPU.ActiveCfg = Debug|Any CPU
		{3D236DBA-0FFE-47BE-AAF0-1E60F52BD46D}.Debug|Any CPU.Build.0 = Debug|Any CPU
		{3D236DBA-0FFE-47BE-AAF0-1E60F52BD46D}.Release|Any CPU.ActiveCfg = Release|Any CPU
		{3D236DBA-0FFE-47BE-AAF0-1E60F52BD46D}.Release|Any CPU.Build.0 = Release|Any CPU
	EndGlobalSection
	GlobalSection(SolutionProperties) = preSolution
		HideSolutionNode = FALSE
	EndGlobalSection
	GlobalSection(ExtensibilityGlobals) = postSolution
		SolutionGuid = {0AF6F722-5A49-45F9-A73B-83C58424ACB7}
	EndGlobalSection
EndGlobal
